
Microsoft Visual Studio Solution File, Format Version 12.00
# Visual Studio 14
VisualStudioVersion = 14.0.25123.0
MinimumVisualStudioVersion = 10.0.40219.1
Project("{2150E333-8FDC-42A3-9474-1A3956D46DE8}") = "Observer", "Observer", "{056397B8-D1F0-460B-90BD-C8D33D8D36C3}"
EndProject
Project("{2150E333-8FDC-42A3-9474-1A3956D46DE8}") = "Factory", "Factory", "{4A193A26-B9AE-43C9-BB79-2C97DA2CA53C}"
EndProject
Project("{2150E333-8FDC-42A3-9474-1A3956D46DE8}") = "AbstractFactory", "AbstractFactory", "{06C01264-6E2E-467D-B1BC-0D773E784773}"
EndProject
Project("{FAE04EC0-301F-11D3-BF4B-00C04F79EFBC}") = "Factory", "Factory\Factory.csproj", "{500B8F68-8756-4D38-811B-563B964E8784}"
EndProject
Project("{FAE04EC0-301F-11D3-BF4B-00C04F79EFBC}") = "AbstractFactory", "AbstractFactory\AbstractFactory.csproj", "{ECDC4823-BC51-4DFE-A69A-6733272C9DDF}"
EndProject
Project("{2150E333-8FDC-42A3-9474-1A3956D46DE8}") = "Builder", "Builder", "{BB2B925D-4184-4400-BDD8-1C3E7D84E204}"
EndProject
Project("{FAE04EC0-301F-11D3-BF4B-00C04F79EFBC}") = "BuilderClient", "BuilderClient\BuilderClient.csproj", "{694FE113-7564-4BE6-9E45-BC58C8758004}"
EndProject
Project("{FAE04EC0-301F-11D3-BF4B-00C04F79EFBC}") = "Domain", "Observer\Domain\Domain.csproj", "{307D942C-437F-4E9F-80DC-DAEC1086E358}"
EndProject
Project("{FAE04EC0-301F-11D3-BF4B-00C04F79EFBC}") = "ConsoleApplication1(IObserver)", "Observer\ConsoleApplication1(IObserver)\ConsoleApplication1(IObserver).csproj", "{363130A1-237F-4E10-8793-C2B3B4342E1D}"
EndProject
Project("{2150E333-8FDC-42A3-9474-1A3956D46DE8}") = "Prototype", "Prototype", "{DEBA16F8-A2D7-4A13-B52D-28065A3BA367}"
EndProject
Project("{FAE04EC0-301F-11D3-BF4B-00C04F79EFBC}") = "Prototype", "Prototype\Prototype.csproj", "{1F4C8AD4-A72C-4C69-9357-0588BE7BF47E}"
EndProject
Project("{2150E333-8FDC-42A3-9474-1A3956D46DE8}") = "Strategy", "Strategy", "{FEE79C8B-0307-4C28-BF85-23E1EE90F7D3}"
EndProject
Project("{FAE04EC0-301F-11D3-BF4B-00C04F79EFBC}") = "Strategy", "Strategy\Strategy.csproj", "{FD763AAD-23FF-41DC-B905-3C8DB3A3A460}"
EndProject
Project("{2150E333-8FDC-42A3-9474-1A3956D46DE8}") = "Command", "Command", "{8CE68A9B-2A05-4564-98CE-0EEA8327AF34}"
EndProject
Project("{FAE04EC0-301F-11D3-BF4B-00C04F79EFBC}") = "Command", "Command\Command.csproj", "{916E7967-A87D-44F4-9423-C502A9536210}"
EndProject
Project("{2150E333-8FDC-42A3-9474-1A3956D46DE8}") = "Template Method", "Template Method", "{03694774-09EB-4525-AB07-5545C94F4DB8}"
EndProject
Project("{FAE04EC0-301F-11D3-BF4B-00C04F79EFBC}") = "Template Method", "Template Method\Template Method.csproj", "{0E1780F3-7155-4055-9EF0-8EB6FE469E3D}"
EndProject
Project("{2150E333-8FDC-42A3-9474-1A3956D46DE8}") = "Iterator", "Iterator", "{D162E79B-D566-42B7-B14C-002E3B82F7EC}"
EndProject
Project("{FAE04EC0-301F-11D3-BF4B-00C04F79EFBC}") = "Iterator", "Iterator\Iterator.csproj", "{5DBE7DEF-249C-45A5-B16E-2935BA7492B7}"
EndProject
Project("{2150E333-8FDC-42A3-9474-1A3956D46DE8}") = "Decorator", "Decorator", "{8F826EE2-7491-444A-8267-BA5040DE89DC}"
EndProject
Project("{FAE04EC0-301F-11D3-BF4B-00C04F79EFBC}") = "Decorator", "Decorator\Decorator.csproj", "{DAFE7623-7C65-4F19-AF4A-D79C5C2102B1}"
EndProject
Project("{2150E333-8FDC-42A3-9474-1A3956D46DE8}") = "Adapter", "Adapter", "{0CEEE245-F9B7-45EB-82C5-E6714B2EE454}"
EndProject
Project("{FAE04EC0-301F-11D3-BF4B-00C04F79EFBC}") = "Adapter", "Adapter\Adapter.csproj", "{7C00A3C5-D91B-4655-BA23-9D6F415A1C87}"
EndProject
Global
	GlobalSection(SolutionConfigurationPlatforms) = preSolution
		Debug|Any CPU = Debug|Any CPU
		Release|Any CPU = Release|Any CPU
	EndGlobalSection
	GlobalSection(ProjectConfigurationPlatforms) = postSolution
		{500B8F68-8756-4D38-811B-563B964E8784}.Debug|Any CPU.ActiveCfg = Debug|Any CPU
		{500B8F68-8756-4D38-811B-563B964E8784}.Debug|Any CPU.Build.0 = Debug|Any CPU
		{500B8F68-8756-4D38-811B-563B964E8784}.Release|Any CPU.ActiveCfg = Release|Any CPU
		{500B8F68-8756-4D38-811B-563B964E8784}.Release|Any CPU.Build.0 = Release|Any CPU
		{ECDC4823-BC51-4DFE-A69A-6733272C9DDF}.Debug|Any CPU.ActiveCfg = Debug|Any CPU
		{ECDC4823-BC51-4DFE-A69A-6733272C9DDF}.Debug|Any CPU.Build.0 = Debug|Any CPU
		{ECDC4823-BC51-4DFE-A69A-6733272C9DDF}.Release|Any CPU.ActiveCfg = Release|Any CPU
		{ECDC4823-BC51-4DFE-A69A-6733272C9DDF}.Release|Any CPU.Build.0 = Release|Any CPU
		{694FE113-7564-4BE6-9E45-BC58C8758004}.Debug|Any CPU.ActiveCfg = Debug|Any CPU
		{694FE113-7564-4BE6-9E45-BC58C8758004}.Debug|Any CPU.Build.0 = Debug|Any CPU
		{694FE113-7564-4BE6-9E45-BC58C8758004}.Release|Any CPU.ActiveCfg = Release|Any CPU
		{694FE113-7564-4BE6-9E45-BC58C8758004}.Release|Any CPU.Build.0 = Release|Any CPU
		{307D942C-437F-4E9F-80DC-DAEC1086E358}.Debug|Any CPU.ActiveCfg = Debug|Any CPU
		{307D942C-437F-4E9F-80DC-DAEC1086E358}.Debug|Any CPU.Build.0 = Debug|Any CPU
		{307D942C-437F-4E9F-80DC-DAEC1086E358}.Release|Any CPU.ActiveCfg = Release|Any CPU
		{307D942C-437F-4E9F-80DC-DAEC1086E358}.Release|Any CPU.Build.0 = Release|Any CPU
		{363130A1-237F-4E10-8793-C2B3B4342E1D}.Debug|Any CPU.ActiveCfg = Debug|Any CPU
		{363130A1-237F-4E10-8793-C2B3B4342E1D}.Debug|Any CPU.Build.0 = Debug|Any CPU
		{363130A1-237F-4E10-8793-C2B3B4342E1D}.Release|Any CPU.ActiveCfg = Release|Any CPU
		{363130A1-237F-4E10-8793-C2B3B4342E1D}.Release|Any CPU.Build.0 = Release|Any CPU
		{1F4C8AD4-A72C-4C69-9357-0588BE7BF47E}.Debug|Any CPU.ActiveCfg = Debug|Any CPU
		{1F4C8AD4-A72C-4C69-9357-0588BE7BF47E}.Debug|Any CPU.Build.0 = Debug|Any CPU
		{1F4C8AD4-A72C-4C69-9357-0588BE7BF47E}.Release|Any CPU.ActiveCfg = Release|Any CPU
		{1F4C8AD4-A72C-4C69-9357-0588BE7BF47E}.Release|Any CPU.Build.0 = Release|Any CPU
		{FD763AAD-23FF-41DC-B905-3C8DB3A3A460}.Debug|Any CPU.ActiveCfg = Debug|Any CPU
		{FD763AAD-23FF-41DC-B905-3C8DB3A3A460}.Debug|Any CPU.Build.0 = Debug|Any CPU
		{FD763AAD-23FF-41DC-B905-3C8DB3A3A460}.Release|Any CPU.ActiveCfg = Release|Any CPU
		{FD763AAD-23FF-41DC-B905-3C8DB3A3A460}.Release|Any CPU.Build.0 = Release|Any CPU
		{916E7967-A87D-44F4-9423-C502A9536210}.Debug|Any CPU.ActiveCfg = Debug|Any CPU
		{916E7967-A87D-44F4-9423-C502A9536210}.Debug|Any CPU.Build.0 = Debug|Any CPU
		{916E7967-A87D-44F4-9423-C502A9536210}.Release|Any CPU.ActiveCfg = Release|Any CPU
		{916E7967-A87D-44F4-9423-C502A9536210}.Release|Any CPU.Build.0 = Release|Any CPU
		{0E1780F3-7155-4055-9EF0-8EB6FE469E3D}.Debug|Any CPU.ActiveCfg = Debug|Any CPU
		{0E1780F3-7155-4055-9EF0-8EB6FE469E3D}.Debug|Any CPU.Build.0 = Debug|Any CPU
		{0E1780F3-7155-4055-9EF0-8EB6FE469E3D}.Release|Any CPU.ActiveCfg = Release|Any CPU
		{0E1780F3-7155-4055-9EF0-8EB6FE469E3D}.Release|Any CPU.Build.0 = Release|Any CPU
		{5DBE7DEF-249C-45A5-B16E-2935BA7492B7}.Debug|Any CPU.ActiveCfg = Debug|Any CPU
		{5DBE7DEF-249C-45A5-B16E-2935BA7492B7}.Debug|Any CPU.Build.0 = Debug|Any CPU
		{5DBE7DEF-249C-45A5-B16E-2935BA7492B7}.Release|Any CPU.ActiveCfg = Release|Any CPU
		{5DBE7DEF-249C-45A5-B16E-2935BA7492B7}.Release|Any CPU.Build.0 = Release|Any CPU
		{DAFE7623-7C65-4F19-AF4A-D79C5C2102B1}.Debug|Any CPU.ActiveCfg = Debug|Any CPU
		{DAFE7623-7C65-4F19-AF4A-D79C5C2102B1}.Debug|Any CPU.Build.0 = Debug|Any CPU
		{DAFE7623-7C65-4F19-AF4A-D79C5C2102B1}.Release|Any CPU.ActiveCfg = Release|Any CPU
		{DAFE7623-7C65-4F19-AF4A-D79C5C2102B1}.Release|Any CPU.Build.0 = Release|Any CPU
		{7C00A3C5-D91B-4655-BA23-9D6F415A1C87}.Debug|Any CPU.ActiveCfg = Debug|Any CPU
		{7C00A3C5-D91B-4655-BA23-9D6F415A1C87}.Debug|Any CPU.Build.0 = Debug|Any CPU
		{7C00A3C5-D91B-4655-BA23-9D6F415A1C87}.Release|Any CPU.ActiveCfg = Release|Any CPU
		{7C00A3C5-D91B-4655-BA23-9D6F415A1C87}.Release|Any CPU.Build.0 = Release|Any CPU
	EndGlobalSection
	GlobalSection(SolutionProperties) = preSolution
		HideSolutionNode = FALSE
	EndGlobalSection
	GlobalSection(NestedProjects) = preSolution
		{500B8F68-8756-4D38-811B-563B964E8784} = {4A193A26-B9AE-43C9-BB79-2C97DA2CA53C}
		{ECDC4823-BC51-4DFE-A69A-6733272C9DDF} = {06C01264-6E2E-467D-B1BC-0D773E784773}
		{694FE113-7564-4BE6-9E45-BC58C8758004} = {BB2B925D-4184-4400-BDD8-1C3E7D84E204}
		{307D942C-437F-4E9F-80DC-DAEC1086E358} = {056397B8-D1F0-460B-90BD-C8D33D8D36C3}
		{363130A1-237F-4E10-8793-C2B3B4342E1D} = {056397B8-D1F0-460B-90BD-C8D33D8D36C3}
		{1F4C8AD4-A72C-4C69-9357-0588BE7BF47E} = {DEBA16F8-A2D7-4A13-B52D-28065A3BA367}
		{FD763AAD-23FF-41DC-B905-3C8DB3A3A460} = {FEE79C8B-0307-4C28-BF85-23E1EE90F7D3}
		{916E7967-A87D-44F4-9423-C502A9536210} = {8CE68A9B-2A05-4564-98CE-0EEA8327AF34}
		{0E1780F3-7155-4055-9EF0-8EB6FE469E3D} = {03694774-09EB-4525-AB07-5545C94F4DB8}
		{5DBE7DEF-249C-45A5-B16E-2935BA7492B7} = {D162E79B-D566-42B7-B14C-002E3B82F7EC}
		{DAFE7623-7C65-4F19-AF4A-D79C5C2102B1} = {8F826EE2-7491-444A-8267-BA5040DE89DC}
		{7C00A3C5-D91B-4655-BA23-9D6F415A1C87} = {0CEEE245-F9B7-45EB-82C5-E6714B2EE454}
	EndGlobalSection
EndGlobal
